github.com/davecgh/go-spew v1.1.1/go.mod h1:J7Y8YcW2NihsgmVo/mv3lAwl/skON4iLHjSsI+c5H38=
github.com/mediocregopher/radix/v4 v4.1.3 h1:H16mCVZI3Qhh+0HAKYGfoMkMoewIZlSzK4KatxHGgkg=
github.com/mediocregopher/radix/v4 v4.1.3/go.mod h1:ajchozX/6ELmydxWeWM6xCFHVpZ4+67LXHOTOVR0nCE=
github.com/pmezard/go-difflib v1.0.0/go.mod h1:iKH77koFhYxTK1pcRnkKkqfTogsbg7gZNVY4sRDYZ/4=
github.com/stretchr/testify v1.2.2/go.mod h1:a8OnRcib4nhh0OaRAV+Yts87kKdq0PP7pXfy6kDkUVs=
github.com/tilinna/clock v1.0.2/go.mod h1:ZsP7BcY7sEEz7ktc0IVy8Us6boDrK8VradlKRUGfOao=
